
Microsoft Visual Studio Solution File, Format Version 12.00
# Visual Studio Version 16
VisualStudioVersion = 16.0.32228.343
MinimumVisualStudioVersion = 10.0.40219.1
Project("{9A19103F-16F7-4668-BE54-9A1E7A4F7556}") = "RestfulApiPlayground", "ResftulApiPlayground\RestfulApiPlayground.csproj", "{977F2975-94C9-4258-B976-5016A86C62CF}"
EndProject
Project("{9A19103F-16F7-4668-BE54-9A1E7A4F7556}") = "RestfulApiPlaygroundTests", "RestfulApiPlaygroundTests\RestfulApiPlaygroundTests.csproj", "{35F1D45E-EF97-4628-80E1-AED54B98BA96}"
EndProject
Project("{9A19103F-16F7-4668-BE54-9A1E7A4F7556}") = "RestfulApiPlayground.Infrastructure", "RestfulApiPlayground.Infrastructure\RestfulApiPlayground.Infrastructure.csproj", "{87FCC135-2BDE-46DE-9458-88F0BF2F4A54}"
EndProject
Global
	GlobalSection(SolutionConfigurationPlatforms) = preSolution
		Debug|Any CPU = Debug|Any CPU
		Release|Any CPU = Release|Any CPU
	EndGlobalSection
	GlobalSection(ProjectConfigurationPlatforms) = postSolution
		{977F2975-94C9-4258-B976-5016A86C62CF}.Debug|Any CPU.ActiveCfg = Debug|Any CPU
		{977F2975-94C9-4258-B976-5016A86C62CF}.Debug|Any CPU.Build.0 = Debug|Any CPU
		{977F2975-94C9-4258-B976-5016A86C62CF}.Release|Any CPU.ActiveCfg = Release|Any CPU
		{977F2975-94C9-4258-B976-5016A86C62CF}.Release|Any CPU.Build.0 = Release|Any CPU
		{35F1D45E-EF97-4628-80E1-AED54B98BA96}.Debug|Any CPU.ActiveCfg = Debug|Any CPU
		{35F1D45E-EF97-4628-80E1-AED54B98BA96}.Debug|Any CPU.Build.0 = Debug|Any CPU
		{35F1D45E-EF97-4628-80E1-AED54B98BA96}.Release|Any CPU.ActiveCfg = Release|Any CPU
		{35F1D45E-EF97-4628-80E1-AED54B98BA96}.Release|Any CPU.Build.0 = Release|Any CPU
		{87FCC135-2BDE-46DE-9458-88F0BF2F4A54}.Debug|Any CPU.ActiveCfg = Debug|Any CPU
		{87FCC135-2BDE-46DE-9458-88F0BF2F4A54}.Debug|Any CPU.Build.0 = Debug|Any CPU
		{87FCC135-2BDE-46DE-9458-88F0BF2F4A54}.Release|Any CPU.ActiveCfg = Release|Any CPU
		{87FCC135-2BDE-46DE-9458-88F0BF2F4A54}.Release|Any CPU.Build.0 = Release|Any CPU
	EndGlobalSection
	GlobalSection(SolutionProperties) = preSolution
		HideSolutionNode = FALSE
	EndGlobalSection
	GlobalSection(ExtensibilityGlobals) = postSolution
		SolutionGuid = {39AB3060-6A13-4E77-8B4A-640C56C45EB3}
	EndGlobalSection
EndGlobal
